
Microsoft Visual Studio Solution File, Format Version 12.00
# Visual Studio Version 17
VisualStudioVersion = 17.1.32328.378
MinimumVisualStudioVersion = 10.0.40219.1
Project("{FAE04EC0-301F-11D3-BF4B-00C04F79EFBC}") = "coinExchange", "coinExchange\coinExchange.csproj", "{91475129-8A46-4B54-AAD4-10B8615569C0}"
EndProject
Global
	GlobalSection(SolutionConfigurationPlatforms) = preSolution
		Debug|Any CPU = Debug|Any CPU
		Release|Any CPU = Release|Any CPU
	EndGlobalSection
	GlobalSection(ProjectConfigurationPlatforms) = postSolution
		{91475129-8A46-4B54-AAD4-10B8615569C0}.Debug|Any CPU.ActiveCfg = Debug|Any CPU
		{91475129-8A46-4B54-AAD4-10B8615569C0}.Debug|Any CPU.Build.0 = Debug|Any CPU
		{91475129-8A46-4B54-AAD4-10B8615569C0}.Release|Any CPU.ActiveCfg = Release|Any CPU
		{91475129-8A46-4B54-AAD4-10B8615569C0}.Release|Any CPU.Build.0 = Release|Any CPU
	EndGlobalSection
	GlobalSection(SolutionProperties) = preSolution
		HideSolutionNode = FALSE
	EndGlobalSection
	GlobalSection(ExtensibilityGlobals) = postSolution
		SolutionGuid = {61A7A60E-4ED7-4BC0-9DAB-5D4006E09EBC}
	EndGlobalSection
EndGlobal
